<?xml version="1.0" encoding="utf-8"?>
<Project ToolsVersion="4.0" xmlns="http://schemas.microsoft.com/developer/msbuild/2003">
  <ItemGroup>
    <Filter Include="imgui">
      <UniqueIdentifier>{0587d7a3-f2ce-4d56-b84f-a0005d3bfce6}</UniqueIdentifier>
    </Filter>
    <Filter Include="sources">
      <UniqueIdentifier>{08e36723-ce4f-4cff-9662-c40801cf1acf}</UniqueIdentifier>
    </Filter>
  </ItemGroup>
  <ItemGroup>
    <ClInclude Include="..\imconfig.h">
      <Filter>imgui</Filter>
    </ClInclude>
    <ClInclude Include="..\imgui.h">
      <Filter>imgui</Filter>
    </ClInclude>
    <ClInclude Include="..\imgui_internal.h">
      <Filter>imgui</Filter>
    </ClInclude>
    <ClInclude Include="FWorkMain.h">
      <Filter>sources</Filter>
    </ClInclude>
    <ClInclude Include="..\imgui_freetype.h">
      <Filter>imgui</Filter>
    </ClInclude>
    <ClInclude Include="..\imgui_settings.h">
      <Filter>imgui</Filter>
    </ClInclude>
    <ClInclude Include="ImAnim\AbstractAnimation.h" />
    <ClInclude Include="ImAnim\AnimationGroup.h" />
    <ClInclude Include="ImAnim\Easing.h" />
    <ClInclude Include="ImAnim\EasingCurve.h" />
    <ClInclude Include="ImAnim\ImVec2Anim.h" />
    <ClInclude Include="ImAnim\ImVec4Anim.h" />
    <ClInclude Include="ImAnim\ParallelAnimationGroup.h" />
    <ClInclude Include="ImAnim\PauseAnimation.h" />
    <ClInclude Include="ImAnim\SequentialAnimationGroup.h" />
    <ClInclude Include="ImAnim\Utils.h" />
    <ClInclude Include="..\backends\imgui_impl_dx11.h" />
    <ClInclude Include="..\backends\imgui_impl_win32.h" />
    <ClInclude Include="ImGui\blur.hpp" />
    <ClInclude Include="ImGui\custom_popup.hpp" />
    <ClInclude Include="ImGui\custom_widgets.hpp" />
    <ClInclude Include="ImGui\esp_preview.hpp" />
    <ClInclude Include="ImGui\keybind_system.hpp" />
    <ClInclude Include="ImGui\notify.h" />
    <ClInclude Include="ImGui\pshader.hpp" />
    <ClInclude Include="ImGui\SatoshiFont.hpp" />
    <ClInclude Include="ImGui\Sounds.hpp" />
    <ClInclude Include="ImGui\stt.hpp" />
    <ClInclude Include="ImGui\TextEditor.h" />
    <ClInclude Include="ImGui\font_defines.h" />
    <ClInclude Include="Yorzen\Dudas\menu.hpp" />
    <ClInclude Include="Yorzen\Dudas\menu_ui.h" />
    <ClInclude Include="Yorzen\Dudas\ui_settings.hpp" />
    <ClInclude Include="Yorzen\Dudas\yorzen.h" />
    <ClInclude Include="ImGui\font.h" />
    <ClInclude Include="ImGui\image.h" />
    <ClInclude Include="ImGui\avatar.h" />
  </ItemGroup>
  <ItemGroup>
    <ClCompile Include="..\imgui.cpp">
      <Filter>imgui</Filter>
    </ClCompile>
    <ClCompile Include="Main.cpp">
      <Filter>sources</Filter>
    </ClCompile>
    <ClCompile Include="..\imgui_draw.cpp">
      <Filter>imgui</Filter>
    </ClCompile>
    <ClCompile Include="..\imgui_widgets.cpp">
      <Filter>imgui</Filter>
    </ClCompile>
    <ClCompile Include="..\imgui_tables.cpp">
      <Filter>imgui</Filter>
    </ClCompile>
    <ClCompile Include="..\imgui_freetype.cpp">
      <Filter>imgui</Filter>
    </ClCompile>
    <ClCompile Include="ImAnim\AbstractAnimation.cpp" />
    <ClCompile Include="ImAnim\AnimationGroup.cpp" />
    <ClCompile Include="ImAnim\Easing.cpp" />
    <ClCompile Include="ImAnim\EasingCurve.cpp" />
    <ClCompile Include="ImAnim\ImVec2Anim.cpp" />
    <ClCompile Include="ImAnim\ImVec4Anim.cpp" />
    <ClCompile Include="ImAnim\ParallelAnimationGroup.cpp" />
    <ClCompile Include="ImAnim\PauseAnimation.cpp" />
    <ClCompile Include="ImAnim\SequentialAnimationGroup.cpp" />
    <ClCompile Include="ImAnim\Utils.cpp" />
    <ClCompile Include="..\backends\imgui_impl_dx11.cpp" />
    <ClCompile Include="..\backends\imgui_impl_win32.cpp" />
    <ClCompile Include="ImGui\custom_widgets.cpp" />
    <ClCompile Include="ImGui\TextEditor.cpp" />
    <ClCompile Include="Yorzen\Dudas\menu.cpp" />
  </ItemGroup>
  <ItemGroup>
    <None Include="..\misc\debuggers\imgui.natvis">
      <Filter>imgui</Filter>
    </None>
    <None Include="..\misc\debuggers\imgui.natstepfilter">
      <Filter>imgui</Filter>
    </None>
  </ItemGroup>
</Project>
